
Microsoft Visual Studio Solution File, Format Version 12.00
# Visual Studio Version 16
VisualStudioVersion = 16.0.30320.27
MinimumVisualStudioVersion = 10.0.40219.1
Project("{FAE04EC0-301F-11D3-BF4B-00C04F79EFBC}") = "jogoDaVelhaArthur", "jogoDaVelhaArthur\jogoDaVelhaArthur.csproj", "{F5888A68-1C9C-47E8-B28C-3F5C1E9489A5}"
EndProject
Global
	GlobalSection(SolutionConfigurationPlatforms) = preSolution
		Debug|Any CPU = Debug|Any CPU
		Release|Any CPU = Release|Any CPU
	EndGlobalSection
	GlobalSection(ProjectConfigurationPlatforms) = postSolution
		{F5888A68-1C9C-47E8-B28C-3F5C1E9489A5}.Debug|Any CPU.ActiveCfg = Debug|Any CPU
		{F5888A68-1C9C-47E8-B28C-3F5C1E9489A5}.Debug|Any CPU.Build.0 = Debug|Any CPU
		{F5888A68-1C9C-47E8-B28C-3F5C1E9489A5}.Release|Any CPU.ActiveCfg = Release|Any CPU
		{F5888A68-1C9C-47E8-B28C-3F5C1E9489A5}.Release|Any CPU.Build.0 = Release|Any CPU
	EndGlobalSection
	GlobalSection(SolutionProperties) = preSolution
		HideSolutionNode = FALSE
	EndGlobalSection
	GlobalSection(ExtensibilityGlobals) = postSolution
		SolutionGuid = {36E3640E-9C60-403E-96DC-D7601CD788A1}
	EndGlobalSection
EndGlobal
